
Microsoft Visual Studio Solution File, Format Version 12.00
# Visual Studio Version 16
VisualStudioVersion = 16.0.31025.194
MinimumVisualStudioVersion = 10.0.40219.1
Project("{9A19103F-16F7-4668-BE54-9A1E7A4F7556}") = "Itau.Teste.API", "Itau.Teste.API\Itau.Teste.API.csproj", "{5B52AD10-E09B-44E5-BE38-3DD6AA94920C}"
EndProject
Project("{9A19103F-16F7-4668-BE54-9A1E7A4F7556}") = "Itau.Teste.Domain", "Itau.Teste.Domain\Itau.Teste.Domain.csproj", "{4146D104-A987-42C3-A82D-9E5FECC6BED3}"
EndProject
Project("{9A19103F-16F7-4668-BE54-9A1E7A4F7556}") = "Itau.Teste.Infra.Data", "Itau.Teste.Infra.Data\Itau.Teste.Infra.Data.csproj", "{F901BF4D-10D3-45EA-BB9F-6D745B17BACB}"
EndProject
Project("{9A19103F-16F7-4668-BE54-9A1E7A4F7556}") = "Itau.Teste.Application", "Itau.Teste.Application\Itau.Teste.Application.csproj", "{2BC7AC11-53EB-4D50-B668-EC14F7B37EE9}"
EndProject
Project("{9A19103F-16F7-4668-BE54-9A1E7A4F7556}") = "Itau.Teste.IoC", "Itau.Teste.IoC\Itau.Teste.IoC.csproj", "{A63EA1B8-6B60-41F8-8CA8-8698BB54B756}"
EndProject
Project("{FAE04EC0-301F-11D3-BF4B-00C04F79EFBC}") = "Itau.Teste.TestesUnitarios", "Itau.Teste.TestesUnitarios\Itau.Teste.TestesUnitarios.csproj", "{57FC7F71-01F8-4144-A4EE-1C445FC1DB5F}"
EndProject
Global
	GlobalSection(SolutionConfigurationPlatforms) = preSolution
		Debug|Any CPU = Debug|Any CPU
		Release|Any CPU = Release|Any CPU
	EndGlobalSection
	GlobalSection(ProjectConfigurationPlatforms) = postSolution
		{5B52AD10-E09B-44E5-BE38-3DD6AA94920C}.Debug|Any CPU.ActiveCfg = Debug|Any CPU
		{5B52AD10-E09B-44E5-BE38-3DD6AA94920C}.Debug|Any CPU.Build.0 = Debug|Any CPU
		{5B52AD10-E09B-44E5-BE38-3DD6AA94920C}.Release|Any CPU.ActiveCfg = Release|Any CPU
		{5B52AD10-E09B-44E5-BE38-3DD6AA94920C}.Release|Any CPU.Build.0 = Release|Any CPU
		{4146D104-A987-42C3-A82D-9E5FECC6BED3}.Debug|Any CPU.ActiveCfg = Debug|Any CPU
		{4146D104-A987-42C3-A82D-9E5FECC6BED3}.Debug|Any CPU.Build.0 = Debug|Any CPU
		{4146D104-A987-42C3-A82D-9E5FECC6BED3}.Release|Any CPU.ActiveCfg = Release|Any CPU
		{4146D104-A987-42C3-A82D-9E5FECC6BED3}.Release|Any CPU.Build.0 = Release|Any CPU
		{F901BF4D-10D3-45EA-BB9F-6D745B17BACB}.Debug|Any CPU.ActiveCfg = Debug|Any CPU
		{F901BF4D-10D3-45EA-BB9F-6D745B17BACB}.Debug|Any CPU.Build.0 = Debug|Any CPU
		{F901BF4D-10D3-45EA-BB9F-6D745B17BACB}.Release|Any CPU.ActiveCfg = Release|Any CPU
		{F901BF4D-10D3-45EA-BB9F-6D745B17BACB}.Release|Any CPU.Build.0 = Release|Any CPU
		{2BC7AC11-53EB-4D50-B668-EC14F7B37EE9}.Debug|Any CPU.ActiveCfg = Debug|Any CPU
		{2BC7AC11-53EB-4D50-B668-EC14F7B37EE9}.Debug|Any CPU.Build.0 = Debug|Any CPU
		{2BC7AC11-53EB-4D50-B668-EC14F7B37EE9}.Release|Any CPU.ActiveCfg = Release|Any CPU
		{2BC7AC11-53EB-4D50-B668-EC14F7B37EE9}.Release|Any CPU.Build.0 = Release|Any CPU
		{A63EA1B8-6B60-41F8-8CA8-8698BB54B756}.Debug|Any CPU.ActiveCfg = Debug|Any CPU
		{A63EA1B8-6B60-41F8-8CA8-8698BB54B756}.Debug|Any CPU.Build.0 = Debug|Any CPU
		{A63EA1B8-6B60-41F8-8CA8-8698BB54B756}.Release|Any CPU.ActiveCfg = Release|Any CPU
		{A63EA1B8-6B60-41F8-8CA8-8698BB54B756}.Release|Any CPU.Build.0 = Release|Any CPU
		{57FC7F71-01F8-4144-A4EE-1C445FC1DB5F}.Debug|Any CPU.ActiveCfg = Debug|Any CPU
		{57FC7F71-01F8-4144-A4EE-1C445FC1DB5F}.Debug|Any CPU.Build.0 = Debug|Any CPU
		{57FC7F71-01F8-4144-A4EE-1C445FC1DB5F}.Release|Any CPU.ActiveCfg = Release|Any CPU
		{57FC7F71-01F8-4144-A4EE-1C445FC1DB5F}.Release|Any CPU.Build.0 = Release|Any CPU
	EndGlobalSection
	GlobalSection(SolutionProperties) = preSolution
		HideSolutionNode = FALSE
	EndGlobalSection
	GlobalSection(ExtensibilityGlobals) = postSolution
		SolutionGuid = {BFC57C5A-DDC9-4626-8B2E-28BA38D95D6A}
	EndGlobalSection
EndGlobal
