
Microsoft Visual Studio Solution File, Format Version 12.00
# Visual Studio Version 16
VisualStudioVersion = 16.0.31025.194
MinimumVisualStudioVersion = 10.0.40219.1
Project("{FAE04EC0-301F-11D3-BF4B-00C04F79EFBC}") = "Itau.Teste.API", "Itau.Teste.API.csproj", "{5B52AD10-E09B-44E5-BE38-3DD6AA94920C}"
EndProject
Global
	GlobalSection(SolutionConfigurationPlatforms) = preSolution
		Debug|Any CPU = Debug|Any CPU
		Release|Any CPU = Release|Any CPU
	EndGlobalSection
	GlobalSection(ProjectConfigurationPlatforms) = postSolution
		{5B52AD10-E09B-44E5-BE38-3DD6AA94920C}.Debug|Any CPU.ActiveCfg = Debug|Any CPU
		{5B52AD10-E09B-44E5-BE38-3DD6AA94920C}.Debug|Any CPU.Build.0 = Debug|Any CPU
		{5B52AD10-E09B-44E5-BE38-3DD6AA94920C}.Release|Any CPU.ActiveCfg = Release|Any CPU
		{5B52AD10-E09B-44E5-BE38-3DD6AA94920C}.Release|Any CPU.Build.0 = Release|Any CPU
	EndGlobalSection
	GlobalSection(SolutionProperties) = preSolution
		HideSolutionNode = FALSE
	EndGlobalSection
	GlobalSection(ExtensibilityGlobals) = postSolution
		SolutionGuid = {BFC57C5A-DDC9-4626-8B2E-28BA38D95D6A}
	EndGlobalSection
EndGlobal
